# This file is automatically @generated by Cargo.
# It is not intended for manual editing.
version = 4

[[package]]
name = "mmrecode-bitstream"
version = "0.0.1"
dependencies = [
 "mmrecode-core",
]

[[package]]
name = "mmrecode-cli"
version = "0.0.1"
dependencies = [
 "mmrecode-core",
 "mmrecode-mjpeg",
 "mmrecode-quality",
 "mmrecode-y4m",
]

[[package]]
name = "mmrecode-core"
version = "0.0.1"

[[package]]
name = "mmrecode-mjpeg"
version = "0.0.1"
dependencies = [
 "mmrecode-bitstream",
 "mmrecode-core",
 "mmrecode-testkit",
]

[[package]]
name = "mmrecode-quality"
version = "0.0.1"
dependencies = [
 "mmrecode-core",
]

[[package]]
name = "mmrecode-testkit"
version = "0.0.1"
dependencies = [
 "mmrecode-core",
]

[[package]]
name = "mmrecode-y4m"
version = "0.0.1"
dependencies = [
 "mmrecode-core",
]
